
Microsoft Visual Studio Solution File, Format Version 12.00
# Visual Studio 2013
VisualStudioVersion = 12.0.31101.0
MinimumVisualStudioVersion = 10.0.40219.1
Project("{8BC9CEB8-8B4A-11D0-8D11-00A0C91BC942}") = "hiho28", "hiho28\hiho28.vcxproj", "{59AAA32C-B056-44CB-9855-CB7D9C3843EA}"
EndProject
Project("{8BC9CEB8-8B4A-11D0-8D11-00A0C91BC942}") = "Eight-Puzzle", "Eight-Puzzle\Eight-Puzzle.vcxproj", "{5CF8B736-F678-43F8-9BFA-E0A4847012F3}"
EndProject
Project("{8BC9CEB8-8B4A-11D0-8D11-00A0C91BC942}") = "zoj2004", "zoj2004\zoj2004.vcxproj", "{E29B9988-5A5C-4CAD-98CA-A14C3C3FA1F7}"
EndProject
Project("{8BC9CEB8-8B4A-11D0-8D11-00A0C91BC942}") = "quicksort", "quicksort\quicksort.vcxproj", "{E77C6086-829E-4727-AC41-C07F5878D461}"
EndProject
Project("{8BC9CEB8-8B4A-11D0-8D11-00A0C91BC942}") = "复利计算", "复利计算\复利计算.vcxproj", "{CCA2E136-B966-416F-86F9-5DA8FF06FBB1}"
EndProject
Project("{8BC9CEB8-8B4A-11D0-8D11-00A0C91BC942}") = "最大值最小化", "最大值最小化\最大值最小化.vcxproj", "{1F9583D1-F787-43F6-95F4-E04411580909}"
EndProject
Project("{8BC9CEB8-8B4A-11D0-8D11-00A0C91BC942}") = "hiho30", "hiho30\hiho30.vcxproj", "{D6FA1B50-7653-487A-B115-0615CAC52FD6}"
EndProject
Project("{8BC9CEB8-8B4A-11D0-8D11-00A0C91BC942}") = "hiho31", "hiho31\hiho31.vcxproj", "{B9326DF9-D924-4DBD-8CA6-D50291B8CDE3}"
EndProject
Project("{8BC9CEB8-8B4A-11D0-8D11-00A0C91BC942}") = "poj2482", "Snake Problem\Snake Problem.vcxproj", "{EFBD3964-1E9E-4E03-A1A3-51ADE37E7A8D}"
EndProject
Project("{8BC9CEB8-8B4A-11D0-8D11-00A0C91BC942}") = "leetcode009", "leetcode009\leetcode009.vcxproj", "{32A96405-BD3F-489D-8CCB-3BF5B7C3AE07}"
EndProject
Project("{8BC9CEB8-8B4A-11D0-8D11-00A0C91BC942}") = "leetcode010", "leetcode010\leetcode010.vcxproj", "{3EB23872-5C09-40ED-B375-C4365639C29C}"
EndProject
Project("{8BC9CEB8-8B4A-11D0-8D11-00A0C91BC942}") = "test", "test\test.vcxproj", "{27622D02-432C-44C5-8231-100BBC34AD64}"
EndProject
Project("{8BC9CEB8-8B4A-11D0-8D11-00A0C91BC942}") = "leetcode011", "leetcode011\leetcode011.vcxproj", "{14594BE8-0D34-449A-995D-BBB2F525453E}"
EndProject
Project("{8BC9CEB8-8B4A-11D0-8D11-00A0C91BC942}") = "leetcode012", "leetcode012\leetcode012.vcxproj", "{00C01979-A034-41D5-A340-EEF90E84AE98}"
EndProject
Project("{8BC9CEB8-8B4A-11D0-8D11-00A0C91BC942}") = "leetcode014", "leetcode014\leetcode014.vcxproj", "{BC25042E-4490-423E-B55B-75F265B24BD9}"
EndProject
Project("{8BC9CEB8-8B4A-11D0-8D11-00A0C91BC942}") = "leetcode015", "leetcode015\leetcode015.vcxproj", "{980E4ACA-833B-4D0C-AF96-0BF42398C317}"
EndProject
Project("{8BC9CEB8-8B4A-11D0-8D11-00A0C91BC942}") = "leetcode016", "leetcode016\leetcode016.vcxproj", "{30AEBC5D-4F6D-47D5-8C5C-A0ED34A49779}"
EndProject
Project("{8BC9CEB8-8B4A-11D0-8D11-00A0C91BC942}") = "leetcode017", "leetcode017\leetcode017.vcxproj", "{71F4C201-F22D-4D3F-9609-4D1CDF0E1447}"
EndProject
Project("{8BC9CEB8-8B4A-11D0-8D11-00A0C91BC942}") = "leetcode018", "leetcode018\leetcode018.vcxproj", "{7B275E91-F14C-4C5E-9C64-D285CC5B3530}"
EndProject
Project("{8BC9CEB8-8B4A-11D0-8D11-00A0C91BC942}") = "leetcode019", "leetcode019\leetcode019.vcxproj", "{8BF51DCA-1501-4DE3-88FD-4D3BB9378391}"
EndProject
Project("{8BC9CEB8-8B4A-11D0-8D11-00A0C91BC942}") = "leetcode020", "leetcode020\leetcode020.vcxproj", "{C630546C-3DB9-4A2E-A9BE-34D3832534BC}"
EndProject
Project("{8BC9CEB8-8B4A-11D0-8D11-00A0C91BC942}") = "leetcode021", "leetcode021\leetcode021.vcxproj", "{240EADF1-7EEE-4A1D-B816-75E24CE93A04}"
EndProject
Project("{8BC9CEB8-8B4A-11D0-8D11-00A0C91BC942}") = "leetcode022", "leetcode022\leetcode022.vcxproj", "{3C9E87F0-7456-441D-8953-DC8673DA05EE}"
EndProject
Project("{8BC9CEB8-8B4A-11D0-8D11-00A0C91BC942}") = "leetcode024", "leetcode024\leetcode024.vcxproj", "{D774220C-D78D-4EFC-90AD-4B7CFC0D3AFE}"
EndProject
Project("{8BC9CEB8-8B4A-11D0-8D11-00A0C91BC942}") = "leetcode025", "leetcode025\leetcode025.vcxproj", "{6A7FB783-943E-4D04-92EB-6341E591F7CC}"
EndProject
Project("{8BC9CEB8-8B4A-11D0-8D11-00A0C91BC942}") = "leetcode029", "leetcode029\leetcode029.vcxproj", "{16497BA6-C49F-4297-96A0-7A92959D4D77}"
EndProject
Project("{8BC9CEB8-8B4A-11D0-8D11-00A0C91BC942}") = "leetcode030", "leetcode030\leetcode030.vcxproj", "{674FE4E6-C3ED-446C-B429-A7C83349CF52}"
EndProject
Project("{8BC9CEB8-8B4A-11D0-8D11-00A0C91BC942}") = "leetcode001", "leetcode001\leetcode.vcxproj", "{06ECA141-E8B6-4318-B12A-0193F82FB697}"
EndProject
Project("{8BC9CEB8-8B4A-11D0-8D11-00A0C91BC942}") = "leetcode002", "leetcode002\leetcode02.vcxproj", "{7D03DF42-0F8A-416B-84CF-36C0CC2A9666}"
EndProject
Project("{8BC9CEB8-8B4A-11D0-8D11-00A0C91BC942}") = "leetcode003", "leetcode003\leetcode03.vcxproj", "{577689E2-F4DC-4A74-9F5F-2356BF64E0ED}"
EndProject
Project("{8BC9CEB8-8B4A-11D0-8D11-00A0C91BC942}") = "leetcode004", "leetcode004\leetcode04.vcxproj", "{1187635A-CA05-4604-9D8A-CC157C8CAA6F}"
EndProject
Project("{8BC9CEB8-8B4A-11D0-8D11-00A0C91BC942}") = "leetcode005", "leetcode005\leetcode05.vcxproj", "{1BB1F34C-9A2B-42D0-94CF-1553C92570D0}"
EndProject
Project("{8BC9CEB8-8B4A-11D0-8D11-00A0C91BC942}") = "leetcode006", "leetcode006\leetcode06.vcxproj", "{63FE4EBB-00ED-4320-9B35-2D32BC3094B7}"
EndProject
Project("{8BC9CEB8-8B4A-11D0-8D11-00A0C91BC942}") = "leetcode008", "leetcode008\leetcode08.vcxproj", "{28677EA0-BE30-4A26-BA58-4CB13BA4BFF8}"
EndProject
Project("{8BC9CEB8-8B4A-11D0-8D11-00A0C91BC942}") = "leetcode007", "leetcode007\leetcode07.vcxproj", "{FDCFBBCB-C0A3-4D56-8092-A220B9C46EA4}"
EndProject
Project("{8BC9CEB8-8B4A-11D0-8D11-00A0C91BC942}") = "leetcode013", "leetcode013\leetcoce013.vcxproj", "{DA42FDD3-D448-4E36-AD3B-DD7331031708}"
EndProject
Project("{8BC9CEB8-8B4A-11D0-8D11-00A0C91BC942}") = "leetcode026_027_028_080", "leetcode026_027_028\leetcode026.vcxproj", "{6FD8462F-3302-4F89-9C75-5649322C5390}"
EndProject
Project("{8BC9CEB8-8B4A-11D0-8D11-00A0C91BC942}") = "leetcode031", "leetcode031\leetcode031.vcxproj", "{ED8B3E18-2F5F-4360-BE26-8CAF0701515B}"
EndProject
Project("{8BC9CEB8-8B4A-11D0-8D11-00A0C91BC942}") = "leetcode032", "leetcode032\leetcode032.vcxproj", "{CC68FDD7-37AF-460F-8E06-0775D4C66A69}"
EndProject
Project("{8BC9CEB8-8B4A-11D0-8D11-00A0C91BC942}") = "leetcode033_081", "leetcode033\leetcode033.vcxproj", "{EA37A54E-727B-4CD4-8D3E-3AC66F7A2C5C}"
EndProject
Project("{8BC9CEB8-8B4A-11D0-8D11-00A0C91BC942}") = "leetcode034_035", "leetcode034\leetcode034.vcxproj", "{B5857C4C-60C4-4666-93F8-CE80833D4C88}"
EndProject
Project("{8BC9CEB8-8B4A-11D0-8D11-00A0C91BC942}") = "leetcode036_037", "leetcode036\leetcode036.vcxproj", "{961D004B-93F0-412D-97E9-60F0089E08DF}"
EndProject
Project("{8BC9CEB8-8B4A-11D0-8D11-00A0C91BC942}") = "leetcode038", "leetcode038\leetcode038.vcxproj", "{CE91FE9F-9E7C-48E4-BD85-6E08CDEBCF64}"
EndProject
Project("{8BC9CEB8-8B4A-11D0-8D11-00A0C91BC942}") = "leetcode039_040", "leetcode039\leetcode039.vcxproj", "{56A832EB-BBDC-429A-8FBB-0B8C0DD51E80}"
EndProject
Project("{8BC9CEB8-8B4A-11D0-8D11-00A0C91BC942}") = "leetcode041", "leetcode041\leetcode041.vcxproj", "{A41EEB5D-F65F-4733-B28C-BB5B58B414E2}"
EndProject
Project("{8BC9CEB8-8B4A-11D0-8D11-00A0C91BC942}") = "leetcode042", "leetcode042\leetcode042.vcxproj", "{73208E72-E8DF-4923-984B-8B0759EDB80F}"
EndProject
Project("{8BC9CEB8-8B4A-11D0-8D11-00A0C91BC942}") = "leetcode043", "leetcode043\leetcode043.vcxproj", "{CDA1CC11-3FB9-4AE2-BA81-E87A6CDFC2DD}"
EndProject
Project("{8BC9CEB8-8B4A-11D0-8D11-00A0C91BC942}") = "leetcode044", "leetcode044\leetcode044.vcxproj", "{47653289-A754-45DE-BA0B-E3C901F676F9}"
EndProject
Project("{8BC9CEB8-8B4A-11D0-8D11-00A0C91BC942}") = "leetcode045", "leetcode045\leetcode045.vcxproj", "{B750025F-B71B-4183-AC1B-4B95772FC274}"
EndProject
Project("{8BC9CEB8-8B4A-11D0-8D11-00A0C91BC942}") = "leetcode046_047", "leetcode045_046\leetcode045_046.vcxproj", "{4848C052-904A-41E8-AC9F-1DD1E7BEC8E1}"
EndProject
Project("{8BC9CEB8-8B4A-11D0-8D11-00A0C91BC942}") = "leetcode048_049_050", "leetcode048\leetcode048.vcxproj", "{030BF95B-7E08-45E4-B8BA-141A8AAC8FDA}"
EndProject
Project("{8BC9CEB8-8B4A-11D0-8D11-00A0C91BC942}") = "leetcode061", "leetcode061\leetcode061.vcxproj", "{E9067D41-CFB5-4E00-8FE7-CE8623DC710A}"
EndProject
Project("{8BC9CEB8-8B4A-11D0-8D11-00A0C91BC942}") = "leetcode100", "leetcode100\leetcode100.vcxproj", "{6FB053D1-F605-4F66-A851-68C7A213E090}"
EndProject
Project("{8BC9CEB8-8B4A-11D0-8D11-00A0C91BC942}") = "leetcode065_066_067", "leetcode065\leetcode065.vcxproj", "{0DFF2787-75C7-4E84-BAFA-3AD9C7AA18CD}"
EndProject
Project("{8BC9CEB8-8B4A-11D0-8D11-00A0C91BC942}") = "leetcode056_057", "leetcode056_057\leetcode056_057.vcxproj", "{E7B3F264-AC04-4C6F-8C50-1AFFDA4258D7}"
EndProject
Project("{8BC9CEB8-8B4A-11D0-8D11-00A0C91BC942}") = "leetcode055", "leetcode055\leetcode055.vcxproj", "{11DB3FEB-9399-486C-859D-BA00172F7C9C}"
EndProject
Project("{8BC9CEB8-8B4A-11D0-8D11-00A0C91BC942}") = "leetcode051_052", "leetcode051_052\leetcode051_052.vcxproj", "{F327210B-51C2-42EE-8925-95349684862E}"
EndProject
Project("{8BC9CEB8-8B4A-11D0-8D11-00A0C91BC942}") = "leetcode054_059", "leetcode054\leetcode054.vcxproj", "{ECD55D41-0060-49D9-8D98-163CF1235760}"
EndProject
Project("{8BC9CEB8-8B4A-11D0-8D11-00A0C91BC942}") = "leetcode053_058_060", "leetcode053\leetcode053.vcxproj", "{8ED18AD9-EC10-4BC6-BCC8-CA60F660B8A4}"
EndProject
Project("{8BC9CEB8-8B4A-11D0-8D11-00A0C91BC942}") = "leetcode062_063", "leetcode062\leetcode062.vcxproj", "{976F2B67-6D67-4FB4-A586-7F7C5DE4118D}"
EndProject
Project("{8BC9CEB8-8B4A-11D0-8D11-00A0C91BC942}") = "leetcode064", "leetcode064\leetcode064.vcxproj", "{5CD009EF-8D56-4F0D-B07C-9C0A6C81BB35}"
EndProject
Project("{8BC9CEB8-8B4A-11D0-8D11-00A0C91BC942}") = "leetcode070", "leetcode070\leetcode070.vcxproj", "{D70F7A99-EF49-4342-9C84-45480C5456FC}"
EndProject
Project("{8BC9CEB8-8B4A-11D0-8D11-00A0C91BC942}") = "leetcode068", "leetcode068\leetcode068.vcxproj", "{395929DE-34D3-4FB4-8380-152D82E225C4}"
EndProject
Project("{8BC9CEB8-8B4A-11D0-8D11-00A0C91BC942}") = "leetcode208", "leetcode208\leetcode208.vcxproj", "{13FDEEDC-5E87-4D72-AD98-F5906AE0056E}"
EndProject
Project("{8BC9CEB8-8B4A-11D0-8D11-00A0C91BC942}") = "leetcode209", "leetcode209\leetcode209.vcxproj", "{9EE7386E-676A-420B-B9C5-A3172B3FA7E7}"
EndProject
Project("{8BC9CEB8-8B4A-11D0-8D11-00A0C91BC942}") = "hiho22", "hiho22\hiho22.vcxproj", "{4EF1D046-6007-4CC7-AE5D-051B23373456}"
EndProject
Project("{8BC9CEB8-8B4A-11D0-8D11-00A0C91BC942}") = "hiho20", "hiho20\hiho20.vcxproj", "{AB5FEF84-5C63-4A68-9EF5-12ADFA3D5B07}"
EndProject
Project("{8BC9CEB8-8B4A-11D0-8D11-00A0C91BC942}") = "hiho18", "hiho18\hiho18.vcxproj", "{B642A32D-076B-46BF-BEAF-8E102F7FB5C3}"
EndProject
Project("{8BC9CEB8-8B4A-11D0-8D11-00A0C91BC942}") = "hiho21", "hiho21\hiho21.vcxproj", "{5E930533-D0FE-48B5-B977-6E83BBA26955}"
EndProject
Project("{8BC9CEB8-8B4A-11D0-8D11-00A0C91BC942}") = "hiho45", "hiho45\hiho45.vcxproj", "{71150A72-E3BB-4AC1-B03D-A3D06A65CCFC}"
EndProject
Project("{8BC9CEB8-8B4A-11D0-8D11-00A0C91BC942}") = "hiho13", "hiho13\hiho13.vcxproj", "{68E79D5E-2F34-4E96-82EC-7898F05108F1}"
EndProject
Project("{8BC9CEB8-8B4A-11D0-8D11-00A0C91BC942}") = "hiho14", "hiho14\hiho14.vcxproj", "{AD5C5A7B-68DD-4D79-8CF7-7376DACC1612}"
EndProject
Project("{8BC9CEB8-8B4A-11D0-8D11-00A0C91BC942}") = "hiho15", "hiho15\hiho15.vcxproj", "{D55293D5-304C-4B3A-B89E-BBE084526098}"
EndProject
Project("{8BC9CEB8-8B4A-11D0-8D11-00A0C91BC942}") = "hiho16", "hiho16\hiho16.vcxproj", "{580AA85F-88FA-4E11-B570-447DCE3F540E}"
EndProject
Project("{8BC9CEB8-8B4A-11D0-8D11-00A0C91BC942}") = "hiho17", "hiho17\hiho17.vcxproj", "{3F103D18-E7F9-4881-81FF-1C3869A55FBD}"
EndProject
Project("{8BC9CEB8-8B4A-11D0-8D11-00A0C91BC942}") = "leetcode079", "leetcode079\leetcode079.vcxproj", "{380A9FE7-0D82-42A0-88E4-E0B35ECFC47B}"
EndProject
Project("{8BC9CEB8-8B4A-11D0-8D11-00A0C91BC942}") = "leetcode212", "leetcode212\leetcode212.vcxproj", "{CD28CF79-7586-4EAF-AB96-5D87062DB6A5}"
EndProject
Project("{8BC9CEB8-8B4A-11D0-8D11-00A0C91BC942}") = "leetcode071", "leetcode071\leetcode071.vcxproj", "{8D164891-9EE6-493A-8EC1-C035626BDE2E}"
EndProject
Project("{8BC9CEB8-8B4A-11D0-8D11-00A0C91BC942}") = "leetcode072", "leetcode072\leetcode072.vcxproj", "{6E0042A4-E55C-49AC-89F0-C4E52C60DA57}"
EndProject
Project("{8BC9CEB8-8B4A-11D0-8D11-00A0C91BC942}") = "hiho47", "hiho47\hiho47.vcxproj", "{4F3D48EE-32B8-4ADC-882E-37EDEC161BC0}"
EndProject
Project("{8BC9CEB8-8B4A-11D0-8D11-00A0C91BC942}") = "leetcode091", "leetcode091\leetcode091.vcxproj", "{C3A7EC49-B734-468B-B28A-4574F0E9BB18}"
EndProject
Project("{8BC9CEB8-8B4A-11D0-8D11-00A0C91BC942}") = "leetcode095", "leetcode095\leetcode095.vcxproj", "{D6ABD15A-5A80-45AB-8A0E-378908E9D6B3}"
EndProject
Project("{8BC9CEB8-8B4A-11D0-8D11-00A0C91BC942}") = "leetcode085", "leetcode085\leetcode085.vcxproj", "{86185788-CA46-4CF4-A01E-3DABEBC2260F}"
EndProject
Project("{8BC9CEB8-8B4A-11D0-8D11-00A0C91BC942}") = "leetcode087", "leetcode087\leetcode087.vcxproj", "{7584D17F-FDCF-4FB7-A244-E970CC62EF33}"
EndProject
Project("{8BC9CEB8-8B4A-11D0-8D11-00A0C91BC942}") = "leetcode097", "leetcode097\leetcode097.vcxproj", "{4B8EFEFC-BEA4-49CA-A226-4AC72C0FEE86}"
EndProject
Project("{8BC9CEB8-8B4A-11D0-8D11-00A0C91BC942}") = "leetcode073_074", "leetcode073\leetcode073.vcxproj", "{E3701B24-E120-4025-8948-41779D75BD57}"
EndProject
Project("{8BC9CEB8-8B4A-11D0-8D11-00A0C91BC942}") = "leetcode075_076", "leetcode075\leetcode075.vcxproj", "{52AC29D4-6C62-40F3-9B95-A0C9FD20E52A}"
EndProject
Project("{8BC9CEB8-8B4A-11D0-8D11-00A0C91BC942}") = "leetcode077_078_090", "leetcode077\leetcode077.vcxproj", "{8CDBFB9B-66ED-4A6C-871A-AD8B535F78F1}"
EndProject
Project("{8BC9CEB8-8B4A-11D0-8D11-00A0C91BC942}") = "leetcode082_083", "leetcode082_083\leetcode082_083.vcxproj", "{4D9950BC-AB86-425B-A6EE-5D6EFC9AB851}"
EndProject
Project("{8BC9CEB8-8B4A-11D0-8D11-00A0C91BC942}") = "leetcode084H", "leetcode084\leetcode084.vcxproj", "{8DB47593-D7D9-4BAC-8476-6A92DE673B53}"
EndProject
Project("{8BC9CEB8-8B4A-11D0-8D11-00A0C91BC942}") = "hiho49", "hiho49\hiho49.vcxproj", "{721668D2-1533-4BE6-91AC-9B81DD9CBBFE}"
EndProject
Project("{8BC9CEB8-8B4A-11D0-8D11-00A0C91BC942}") = "hiho48", "hiho48\hiho48.vcxproj", "{42E415E1-DF66-4954-A27F-16C36108DA04}"
EndProject
Project("{8BC9CEB8-8B4A-11D0-8D11-00A0C91BC942}") = "leetcode086", "leetcode086\leetcode086.vcxproj", "{2E787AA8-6CC2-401A-AF68-9C0FD3FB621F}"
EndProject
Project("{8BC9CEB8-8B4A-11D0-8D11-00A0C91BC942}") = "leetcode088", "leetcode088\leetcode088.vcxproj", "{0D746F1A-7D0D-411A-9D34-D6E5217F6847}"
EndProject
Project("{8BC9CEB8-8B4A-11D0-8D11-00A0C91BC942}") = "leetcode089", "leetcode089\leetcode089.vcxproj", "{D208203E-E9C8-4D0B-83D9-C54BFEFFCDF0}"
EndProject
Project("{8BC9CEB8-8B4A-11D0-8D11-00A0C91BC942}") = "leetcode092", "leetcode092\leetcode092.vcxproj", "{B2351978-5C3E-46C8-AA48-6D33568C8820}"
EndProject
Project("{8BC9CEB8-8B4A-11D0-8D11-00A0C91BC942}") = "leetcode093", "leetcode093\leetcode093.vcxproj", "{808142F0-D407-4720-A7E6-C57A6DC6B5D1}"
EndProject
Project("{8BC9CEB8-8B4A-11D0-8D11-00A0C91BC942}") = "leetcode094", "leetcode094\leetcode094.vcxproj", "{59EEB944-B60B-4EB3-82A0-7A36DF7DF28B}"
EndProject
Project("{8BC9CEB8-8B4A-11D0-8D11-00A0C91BC942}") = "leetcode098", "leetcode098\leetcode098.vcxproj", "{C26F6A03-5864-42ED-A3F3-8B8B63F26085}"
EndProject
Project("{8BC9CEB8-8B4A-11D0-8D11-00A0C91BC942}") = "leetcode099", "leetcode099\leetcode099.vcxproj", "{2D160DEA-D2D0-4684-B70C-BF273504123C}"
EndProject
Project("{8BC9CEB8-8B4A-11D0-8D11-00A0C91BC942}") = "leetcode226", "leetcode226\leetcode226.vcxproj", "{E521C6A1-2F6E-4440-B8AF-D49DC6086797}"
EndProject
Project("{8BC9CEB8-8B4A-11D0-8D11-00A0C91BC942}") = "leetcode102_103_105_106", "leetcode102\leetcode102.vcxproj", "{36525939-6F86-4B86-B1C1-003F4F762963}"
EndProject
Project("{8BC9CEB8-8B4A-11D0-8D11-00A0C91BC942}") = "hiho50", "hiho50\hiho50.vcxproj", "{A6FCE77F-A3CC-437F-B8C9-718A3BCEBF02}"
EndProject
Project("{8BC9CEB8-8B4A-11D0-8D11-00A0C91BC942}") = "leetcode108_109_110_111_112_113", "leetcode108_109\leetcode108_109.vcxproj", "{6C0773A5-C324-49DF-AB98-68AE9AC47BDC}"
EndProject
Project("{8BC9CEB8-8B4A-11D0-8D11-00A0C91BC942}") = "leetcode115", "leetcode115\leetcode115.vcxproj", "{668CF7AB-A277-4EC9-BCC2-D4D461F4A4DE}"
EndProject
Project("{8BC9CEB8-8B4A-11D0-8D11-00A0C91BC942}") = "leetcode121_122_123_188", "leetcode121_122_123_188\leetcode121_122_123_188.vcxproj", "{880CFA04-F45C-49E1-B545-B0C060C9BC6B}"
EndProject
Project("{8BC9CEB8-8B4A-11D0-8D11-00A0C91BC942}") = "leetcode120", "leetcode120\leetcode120.vcxproj", "{38408279-BC90-432A-8387-ED05F568AF3D}"
EndProject
Project("{8BC9CEB8-8B4A-11D0-8D11-00A0C91BC942}") = "leetcode116", "leetcode116\leetcode116.vcxproj", "{B8DF1C5E-4DFD-47E0-80A9-D80941E77DC5}"
EndProject
Project("{8BC9CEB8-8B4A-11D0-8D11-00A0C91BC942}") = "leetcode124", "leetcode124\leetcode124.vcxproj", "{F08B313C-2C18-43A2-BA1E-B52A57FFE490}"
EndProject
Global
	GlobalSection(SolutionConfigurationPlatforms) = preSolution
		Debug|Win32 = Debug|Win32
		Release|Win32 = Release|Win32
	EndGlobalSection
	GlobalSection(ProjectConfigurationPlatforms) = postSolution
		{59AAA32C-B056-44CB-9855-CB7D9C3843EA}.Debug|Win32.ActiveCfg = Debug|Win32
		{59AAA32C-B056-44CB-9855-CB7D9C3843EA}.Debug|Win32.Build.0 = Debug|Win32
		{59AAA32C-B056-44CB-9855-CB7D9C3843EA}.Release|Win32.ActiveCfg = Release|Win32
		{59AAA32C-B056-44CB-9855-CB7D9C3843EA}.Release|Win32.Build.0 = Release|Win32
		{5CF8B736-F678-43F8-9BFA-E0A4847012F3}.Debug|Win32.ActiveCfg = Debug|Win32
		{5CF8B736-F678-43F8-9BFA-E0A4847012F3}.Debug|Win32.Build.0 = Debug|Win32
		{5CF8B736-F678-43F8-9BFA-E0A4847012F3}.Release|Win32.ActiveCfg = Release|Win32
		{5CF8B736-F678-43F8-9BFA-E0A4847012F3}.Release|Win32.Build.0 = Release|Win32
		{E29B9988-5A5C-4CAD-98CA-A14C3C3FA1F7}.Debug|Win32.ActiveCfg = Debug|Win32
		{E29B9988-5A5C-4CAD-98CA-A14C3C3FA1F7}.Debug|Win32.Build.0 = Debug|Win32
		{E29B9988-5A5C-4CAD-98CA-A14C3C3FA1F7}.Release|Win32.ActiveCfg = Release|Win32
		{E29B9988-5A5C-4CAD-98CA-A14C3C3FA1F7}.Release|Win32.Build.0 = Release|Win32
		{E77C6086-829E-4727-AC41-C07F5878D461}.Debug|Win32.ActiveCfg = Debug|Win32
		{E77C6086-829E-4727-AC41-C07F5878D461}.Debug|Win32.Build.0 = Debug|Win32
		{E77C6086-829E-4727-AC41-C07F5878D461}.Release|Win32.ActiveCfg = Release|Win32
		{E77C6086-829E-4727-AC41-C07F5878D461}.Release|Win32.Build.0 = Release|Win32
		{CCA2E136-B966-416F-86F9-5DA8FF06FBB1}.Debug|Win32.ActiveCfg = Debug|Win32
		{CCA2E136-B966-416F-86F9-5DA8FF06FBB1}.Debug|Win32.Build.0 = Debug|Win32
		{CCA2E136-B966-416F-86F9-5DA8FF06FBB1}.Release|Win32.ActiveCfg = Release|Win32
		{CCA2E136-B966-416F-86F9-5DA8FF06FBB1}.Release|Win32.Build.0 = Release|Win32
		{1F9583D1-F787-43F6-95F4-E04411580909}.Debug|Win32.ActiveCfg = Debug|Win32
		{1F9583D1-F787-43F6-95F4-E04411580909}.Debug|Win32.Build.0 = Debug|Win32
		{1F9583D1-F787-43F6-95F4-E04411580909}.Release|Win32.ActiveCfg = Release|Win32
		{1F9583D1-F787-43F6-95F4-E04411580909}.Release|Win32.Build.0 = Release|Win32
		{D6FA1B50-7653-487A-B115-0615CAC52FD6}.Debug|Win32.ActiveCfg = Debug|Win32
		{D6FA1B50-7653-487A-B115-0615CAC52FD6}.Debug|Win32.Build.0 = Debug|Win32
		{D6FA1B50-7653-487A-B115-0615CAC52FD6}.Release|Win32.ActiveCfg = Release|Win32
		{D6FA1B50-7653-487A-B115-0615CAC52FD6}.Release|Win32.Build.0 = Release|Win32
		{B9326DF9-D924-4DBD-8CA6-D50291B8CDE3}.Debug|Win32.ActiveCfg = Debug|Win32
		{B9326DF9-D924-4DBD-8CA6-D50291B8CDE3}.Debug|Win32.Build.0 = Debug|Win32
		{B9326DF9-D924-4DBD-8CA6-D50291B8CDE3}.Release|Win32.ActiveCfg = Release|Win32
		{B9326DF9-D924-4DBD-8CA6-D50291B8CDE3}.Release|Win32.Build.0 = Release|Win32
		{EFBD3964-1E9E-4E03-A1A3-51ADE37E7A8D}.Debug|Win32.ActiveCfg = Debug|Win32
		{EFBD3964-1E9E-4E03-A1A3-51ADE37E7A8D}.Debug|Win32.Build.0 = Debug|Win32
		{EFBD3964-1E9E-4E03-A1A3-51ADE37E7A8D}.Release|Win32.ActiveCfg = Release|Win32
		{EFBD3964-1E9E-4E03-A1A3-51ADE37E7A8D}.Release|Win32.Build.0 = Release|Win32
		{32A96405-BD3F-489D-8CCB-3BF5B7C3AE07}.Debug|Win32.ActiveCfg = Debug|Win32
		{32A96405-BD3F-489D-8CCB-3BF5B7C3AE07}.Debug|Win32.Build.0 = Debug|Win32
		{32A96405-BD3F-489D-8CCB-3BF5B7C3AE07}.Release|Win32.ActiveCfg = Release|Win32
		{32A96405-BD3F-489D-8CCB-3BF5B7C3AE07}.Release|Win32.Build.0 = Release|Win32
		{3EB23872-5C09-40ED-B375-C4365639C29C}.Debug|Win32.ActiveCfg = Debug|Win32
		{3EB23872-5C09-40ED-B375-C4365639C29C}.Debug|Win32.Build.0 = Debug|Win32
		{3EB23872-5C09-40ED-B375-C4365639C29C}.Release|Win32.ActiveCfg = Release|Win32
		{3EB23872-5C09-40ED-B375-C4365639C29C}.Release|Win32.Build.0 = Release|Win32
		{27622D02-432C-44C5-8231-100BBC34AD64}.Debug|Win32.ActiveCfg = Debug|Win32
		{27622D02-432C-44C5-8231-100BBC34AD64}.Debug|Win32.Build.0 = Debug|Win32
		{27622D02-432C-44C5-8231-100BBC34AD64}.Release|Win32.ActiveCfg = Release|Win32
		{27622D02-432C-44C5-8231-100BBC34AD64}.Release|Win32.Build.0 = Release|Win32
		{14594BE8-0D34-449A-995D-BBB2F525453E}.Debug|Win32.ActiveCfg = Debug|Win32
		{14594BE8-0D34-449A-995D-BBB2F525453E}.Debug|Win32.Build.0 = Debug|Win32
		{14594BE8-0D34-449A-995D-BBB2F525453E}.Release|Win32.ActiveCfg = Release|Win32
		{14594BE8-0D34-449A-995D-BBB2F525453E}.Release|Win32.Build.0 = Release|Win32
		{00C01979-A034-41D5-A340-EEF90E84AE98}.Debug|Win32.ActiveCfg = Debug|Win32
		{00C01979-A034-41D5-A340-EEF90E84AE98}.Debug|Win32.Build.0 = Debug|Win32
		{00C01979-A034-41D5-A340-EEF90E84AE98}.Release|Win32.ActiveCfg = Release|Win32
		{00C01979-A034-41D5-A340-EEF90E84AE98}.Release|Win32.Build.0 = Release|Win32
		{BC25042E-4490-423E-B55B-75F265B24BD9}.Debug|Win32.ActiveCfg = Debug|Win32
		{BC25042E-4490-423E-B55B-75F265B24BD9}.Debug|Win32.Build.0 = Debug|Win32
		{BC25042E-4490-423E-B55B-75F265B24BD9}.Release|Win32.ActiveCfg = Release|Win32
		{BC25042E-4490-423E-B55B-75F265B24BD9}.Release|Win32.Build.0 = Release|Win32
		{980E4ACA-833B-4D0C-AF96-0BF42398C317}.Debug|Win32.ActiveCfg = Debug|Win32
		{980E4ACA-833B-4D0C-AF96-0BF42398C317}.Debug|Win32.Build.0 = Debug|Win32
		{980E4ACA-833B-4D0C-AF96-0BF42398C317}.Release|Win32.ActiveCfg = Release|Win32
		{980E4ACA-833B-4D0C-AF96-0BF42398C317}.Release|Win32.Build.0 = Release|Win32
		{30AEBC5D-4F6D-47D5-8C5C-A0ED34A49779}.Debug|Win32.ActiveCfg = Debug|Win32
		{30AEBC5D-4F6D-47D5-8C5C-A0ED34A49779}.Debug|Win32.Build.0 = Debug|Win32
		{30AEBC5D-4F6D-47D5-8C5C-A0ED34A49779}.Release|Win32.ActiveCfg = Release|Win32
		{30AEBC5D-4F6D-47D5-8C5C-A0ED34A49779}.Release|Win32.Build.0 = Release|Win32
		{71F4C201-F22D-4D3F-9609-4D1CDF0E1447}.Debug|Win32.ActiveCfg = Debug|Win32
		{71F4C201-F22D-4D3F-9609-4D1CDF0E1447}.Debug|Win32.Build.0 = Debug|Win32
		{71F4C201-F22D-4D3F-9609-4D1CDF0E1447}.Release|Win32.ActiveCfg = Release|Win32
		{71F4C201-F22D-4D3F-9609-4D1CDF0E1447}.Release|Win32.Build.0 = Release|Win32
		{7B275E91-F14C-4C5E-9C64-D285CC5B3530}.Debug|Win32.ActiveCfg = Debug|Win32
		{7B275E91-F14C-4C5E-9C64-D285CC5B3530}.Debug|Win32.Build.0 = Debug|Win32
		{7B275E91-F14C-4C5E-9C64-D285CC5B3530}.Release|Win32.ActiveCfg = Release|Win32
		{7B275E91-F14C-4C5E-9C64-D285CC5B3530}.Release|Win32.Build.0 = Release|Win32
		{8BF51DCA-1501-4DE3-88FD-4D3BB9378391}.Debug|Win32.ActiveCfg = Debug|Win32
		{8BF51DCA-1501-4DE3-88FD-4D3BB9378391}.Debug|Win32.Build.0 = Debug|Win32
		{8BF51DCA-1501-4DE3-88FD-4D3BB9378391}.Release|Win32.ActiveCfg = Release|Win32
		{8BF51DCA-1501-4DE3-88FD-4D3BB9378391}.Release|Win32.Build.0 = Release|Win32
		{C630546C-3DB9-4A2E-A9BE-34D3832534BC}.Debug|Win32.ActiveCfg = Debug|Win32
		{C630546C-3DB9-4A2E-A9BE-34D3832534BC}.Debug|Win32.Build.0 = Debug|Win32
		{C630546C-3DB9-4A2E-A9BE-34D3832534BC}.Release|Win32.ActiveCfg = Release|Win32
		{C630546C-3DB9-4A2E-A9BE-34D3832534BC}.Release|Win32.Build.0 = Release|Win32
		{240EADF1-7EEE-4A1D-B816-75E24CE93A04}.Debug|Win32.ActiveCfg = Debug|Win32
		{240EADF1-7EEE-4A1D-B816-75E24CE93A04}.Debug|Win32.Build.0 = Debug|Win32
		{240EADF1-7EEE-4A1D-B816-75E24CE93A04}.Release|Win32.ActiveCfg = Release|Win32
		{240EADF1-7EEE-4A1D-B816-75E24CE93A04}.Release|Win32.Build.0 = Release|Win32
		{3C9E87F0-7456-441D-8953-DC8673DA05EE}.Debug|Win32.ActiveCfg = Debug|Win32
		{3C9E87F0-7456-441D-8953-DC8673DA05EE}.Debug|Win32.Build.0 = Debug|Win32
		{3C9E87F0-7456-441D-8953-DC8673DA05EE}.Release|Win32.ActiveCfg = Release|Win32
		{3C9E87F0-7456-441D-8953-DC8673DA05EE}.Release|Win32.Build.0 = Release|Win32
		{D774220C-D78D-4EFC-90AD-4B7CFC0D3AFE}.Debug|Win32.ActiveCfg = Debug|Win32
		{D774220C-D78D-4EFC-90AD-4B7CFC0D3AFE}.Debug|Win32.Build.0 = Debug|Win32
		{D774220C-D78D-4EFC-90AD-4B7CFC0D3AFE}.Release|Win32.ActiveCfg = Release|Win32
		{D774220C-D78D-4EFC-90AD-4B7CFC0D3AFE}.Release|Win32.Build.0 = Release|Win32
		{6A7FB783-943E-4D04-92EB-6341E591F7CC}.Debug|Win32.ActiveCfg = Debug|Win32
		{6A7FB783-943E-4D04-92EB-6341E591F7CC}.Debug|Win32.Build.0 = Debug|Win32
		{6A7FB783-943E-4D04-92EB-6341E591F7CC}.Release|Win32.ActiveCfg = Release|Win32
		{6A7FB783-943E-4D04-92EB-6341E591F7CC}.Release|Win32.Build.0 = Release|Win32
		{16497BA6-C49F-4297-96A0-7A92959D4D77}.Debug|Win32.ActiveCfg = Debug|Win32
		{16497BA6-C49F-4297-96A0-7A92959D4D77}.Debug|Win32.Build.0 = Debug|Win32
		{16497BA6-C49F-4297-96A0-7A92959D4D77}.Release|Win32.ActiveCfg = Release|Win32
		{16497BA6-C49F-4297-96A0-7A92959D4D77}.Release|Win32.Build.0 = Release|Win32
		{674FE4E6-C3ED-446C-B429-A7C83349CF52}.Debug|Win32.ActiveCfg = Debug|Win32
		{674FE4E6-C3ED-446C-B429-A7C83349CF52}.Debug|Win32.Build.0 = Debug|Win32
		{674FE4E6-C3ED-446C-B429-A7C83349CF52}.Release|Win32.ActiveCfg = Release|Win32
		{674FE4E6-C3ED-446C-B429-A7C83349CF52}.Release|Win32.Build.0 = Release|Win32
		{06ECA141-E8B6-4318-B12A-0193F82FB697}.Debug|Win32.ActiveCfg = Debug|Win32
		{06ECA141-E8B6-4318-B12A-0193F82FB697}.Debug|Win32.Build.0 = Debug|Win32
		{06ECA141-E8B6-4318-B12A-0193F82FB697}.Release|Win32.ActiveCfg = Release|Win32
		{06ECA141-E8B6-4318-B12A-0193F82FB697}.Release|Win32.Build.0 = Release|Win32
		{7D03DF42-0F8A-416B-84CF-36C0CC2A9666}.Debug|Win32.ActiveCfg = Debug|Win32
		{7D03DF42-0F8A-416B-84CF-36C0CC2A9666}.Debug|Win32.Build.0 = Debug|Win32
		{7D03DF42-0F8A-416B-84CF-36C0CC2A9666}.Release|Win32.ActiveCfg = Release|Win32
		{7D03DF42-0F8A-416B-84CF-36C0CC2A9666}.Release|Win32.Build.0 = Release|Win32
		{577689E2-F4DC-4A74-9F5F-2356BF64E0ED}.Debug|Win32.ActiveCfg = Debug|Win32
		{577689E2-F4DC-4A74-9F5F-2356BF64E0ED}.Debug|Win32.Build.0 = Debug|Win32
		{577689E2-F4DC-4A74-9F5F-2356BF64E0ED}.Release|Win32.ActiveCfg = Release|Win32
		{577689E2-F4DC-4A74-9F5F-2356BF64E0ED}.Release|Win32.Build.0 = Release|Win32
		{1187635A-CA05-4604-9D8A-CC157C8CAA6F}.Debug|Win32.ActiveCfg = Debug|Win32
		{1187635A-CA05-4604-9D8A-CC157C8CAA6F}.Debug|Win32.Build.0 = Debug|Win32
		{1187635A-CA05-4604-9D8A-CC157C8CAA6F}.Release|Win32.ActiveCfg = Release|Win32
		{1187635A-CA05-4604-9D8A-CC157C8CAA6F}.Release|Win32.Build.0 = Release|Win32
		{1BB1F34C-9A2B-42D0-94CF-1553C92570D0}.Debug|Win32.ActiveCfg = Debug|Win32
		{1BB1F34C-9A2B-42D0-94CF-1553C92570D0}.Debug|Win32.Build.0 = Debug|Win32
		{1BB1F34C-9A2B-42D0-94CF-1553C92570D0}.Release|Win32.ActiveCfg = Release|Win32
		{1BB1F34C-9A2B-42D0-94CF-1553C92570D0}.Release|Win32.Build.0 = Release|Win32
		{63FE4EBB-00ED-4320-9B35-2D32BC3094B7}.Debug|Win32.ActiveCfg = Debug|Win32
		{63FE4EBB-00ED-4320-9B35-2D32BC3094B7}.Debug|Win32.Build.0 = Debug|Win32
		{63FE4EBB-00ED-4320-9B35-2D32BC3094B7}.Release|Win32.ActiveCfg = Release|Win32
		{63FE4EBB-00ED-4320-9B35-2D32BC3094B7}.Release|Win32.Build.0 = Release|Win32
		{28677EA0-BE30-4A26-BA58-4CB13BA4BFF8}.Debug|Win32.ActiveCfg = Debug|Win32
		{28677EA0-BE30-4A26-BA58-4CB13BA4BFF8}.Debug|Win32.Build.0 = Debug|Win32
		{28677EA0-BE30-4A26-BA58-4CB13BA4BFF8}.Release|Win32.ActiveCfg = Release|Win32
		{28677EA0-BE30-4A26-BA58-4CB13BA4BFF8}.Release|Win32.Build.0 = Release|Win32
		{FDCFBBCB-C0A3-4D56-8092-A220B9C46EA4}.Debug|Win32.ActiveCfg = Debug|Win32
		{FDCFBBCB-C0A3-4D56-8092-A220B9C46EA4}.Debug|Win32.Build.0 = Debug|Win32
		{FDCFBBCB-C0A3-4D56-8092-A220B9C46EA4}.Release|Win32.ActiveCfg = Release|Win32
		{FDCFBBCB-C0A3-4D56-8092-A220B9C46EA4}.Release|Win32.Build.0 = Release|Win32
		{DA42FDD3-D448-4E36-AD3B-DD7331031708}.Debug|Win32.ActiveCfg = Debug|Win32
		{DA42FDD3-D448-4E36-AD3B-DD7331031708}.Debug|Win32.Build.0 = Debug|Win32
		{DA42FDD3-D448-4E36-AD3B-DD7331031708}.Release|Win32.ActiveCfg = Release|Win32
		{DA42FDD3-D448-4E36-AD3B-DD7331031708}.Release|Win32.Build.0 = Release|Win32
		{6FD8462F-3302-4F89-9C75-5649322C5390}.Debug|Win32.ActiveCfg = Debug|Win32
		{6FD8462F-3302-4F89-9C75-5649322C5390}.Debug|Win32.Build.0 = Debug|Win32
		{6FD8462F-3302-4F89-9C75-5649322C5390}.Release|Win32.ActiveCfg = Release|Win32
		{6FD8462F-3302-4F89-9C75-5649322C5390}.Release|Win32.Build.0 = Release|Win32
		{ED8B3E18-2F5F-4360-BE26-8CAF0701515B}.Debug|Win32.ActiveCfg = Debug|Win32
		{ED8B3E18-2F5F-4360-BE26-8CAF0701515B}.Debug|Win32.Build.0 = Debug|Win32
		{ED8B3E18-2F5F-4360-BE26-8CAF0701515B}.Release|Win32.ActiveCfg = Release|Win32
		{ED8B3E18-2F5F-4360-BE26-8CAF0701515B}.Release|Win32.Build.0 = Release|Win32
		{CC68FDD7-37AF-460F-8E06-0775D4C66A69}.Debug|Win32.ActiveCfg = Debug|Win32
		{CC68FDD7-37AF-460F-8E06-0775D4C66A69}.Debug|Win32.Build.0 = Debug|Win32
		{CC68FDD7-37AF-460F-8E06-0775D4C66A69}.Release|Win32.ActiveCfg = Release|Win32
		{CC68FDD7-37AF-460F-8E06-0775D4C66A69}.Release|Win32.Build.0 = Release|Win32
		{EA37A54E-727B-4CD4-8D3E-3AC66F7A2C5C}.Debug|Win32.ActiveCfg = Debug|Win32
		{EA37A54E-727B-4CD4-8D3E-3AC66F7A2C5C}.Debug|Win32.Build.0 = Debug|Win32
		{EA37A54E-727B-4CD4-8D3E-3AC66F7A2C5C}.Release|Win32.ActiveCfg = Release|Win32
		{EA37A54E-727B-4CD4-8D3E-3AC66F7A2C5C}.Release|Win32.Build.0 = Release|Win32
		{B5857C4C-60C4-4666-93F8-CE80833D4C88}.Debug|Win32.ActiveCfg = Debug|Win32
		{B5857C4C-60C4-4666-93F8-CE80833D4C88}.Debug|Win32.Build.0 = Debug|Win32
		{B5857C4C-60C4-4666-93F8-CE80833D4C88}.Release|Win32.ActiveCfg = Release|Win32
		{B5857C4C-60C4-4666-93F8-CE80833D4C88}.Release|Win32.Build.0 = Release|Win32
		{961D004B-93F0-412D-97E9-60F0089E08DF}.Debug|Win32.ActiveCfg = Debug|Win32
		{961D004B-93F0-412D-97E9-60F0089E08DF}.Debug|Win32.Build.0 = Debug|Win32
		{961D004B-93F0-412D-97E9-60F0089E08DF}.Release|Win32.ActiveCfg = Release|Win32
		{961D004B-93F0-412D-97E9-60F0089E08DF}.Release|Win32.Build.0 = Release|Win32
		{CE91FE9F-9E7C-48E4-BD85-6E08CDEBCF64}.Debug|Win32.ActiveCfg = Debug|Win32
		{CE91FE9F-9E7C-48E4-BD85-6E08CDEBCF64}.Debug|Win32.Build.0 = Debug|Win32
		{CE91FE9F-9E7C-48E4-BD85-6E08CDEBCF64}.Release|Win32.ActiveCfg = Release|Win32
		{CE91FE9F-9E7C-48E4-BD85-6E08CDEBCF64}.Release|Win32.Build.0 = Release|Win32
		{56A832EB-BBDC-429A-8FBB-0B8C0DD51E80}.Debug|Win32.ActiveCfg = Debug|Win32
		{56A832EB-BBDC-429A-8FBB-0B8C0DD51E80}.Debug|Win32.Build.0 = Debug|Win32
		{56A832EB-BBDC-429A-8FBB-0B8C0DD51E80}.Release|Win32.ActiveCfg = Release|Win32
		{56A832EB-BBDC-429A-8FBB-0B8C0DD51E80}.Release|Win32.Build.0 = Release|Win32
		{A41EEB5D-F65F-4733-B28C-BB5B58B414E2}.Debug|Win32.ActiveCfg = Debug|Win32
		{A41EEB5D-F65F-4733-B28C-BB5B58B414E2}.Debug|Win32.Build.0 = Debug|Win32
		{A41EEB5D-F65F-4733-B28C-BB5B58B414E2}.Release|Win32.ActiveCfg = Release|Win32
		{A41EEB5D-F65F-4733-B28C-BB5B58B414E2}.Release|Win32.Build.0 = Release|Win32
		{73208E72-E8DF-4923-984B-8B0759EDB80F}.Debug|Win32.ActiveCfg = Debug|Win32
		{73208E72-E8DF-4923-984B-8B0759EDB80F}.Debug|Win32.Build.0 = Debug|Win32
		{73208E72-E8DF-4923-984B-8B0759EDB80F}.Release|Win32.ActiveCfg = Release|Win32
		{73208E72-E8DF-4923-984B-8B0759EDB80F}.Release|Win32.Build.0 = Release|Win32
		{CDA1CC11-3FB9-4AE2-BA81-E87A6CDFC2DD}.Debug|Win32.ActiveCfg = Debug|Win32
		{CDA1CC11-3FB9-4AE2-BA81-E87A6CDFC2DD}.Debug|Win32.Build.0 = Debug|Win32
		{CDA1CC11-3FB9-4AE2-BA81-E87A6CDFC2DD}.Release|Win32.ActiveCfg = Release|Win32
		{CDA1CC11-3FB9-4AE2-BA81-E87A6CDFC2DD}.Release|Win32.Build.0 = Release|Win32
		{47653289-A754-45DE-BA0B-E3C901F676F9}.Debug|Win32.ActiveCfg = Debug|Win32
		{47653289-A754-45DE-BA0B-E3C901F676F9}.Debug|Win32.Build.0 = Debug|Win32
		{47653289-A754-45DE-BA0B-E3C901F676F9}.Release|Win32.ActiveCfg = Release|Win32
		{47653289-A754-45DE-BA0B-E3C901F676F9}.Release|Win32.Build.0 = Release|Win32
		{B750025F-B71B-4183-AC1B-4B95772FC274}.Debug|Win32.ActiveCfg = Debug|Win32
		{B750025F-B71B-4183-AC1B-4B95772FC274}.Debug|Win32.Build.0 = Debug|Win32
		{B750025F-B71B-4183-AC1B-4B95772FC274}.Release|Win32.ActiveCfg = Release|Win32
		{B750025F-B71B-4183-AC1B-4B95772FC274}.Release|Win32.Build.0 = Release|Win32
		{4848C052-904A-41E8-AC9F-1DD1E7BEC8E1}.Debug|Win32.ActiveCfg = Debug|Win32
		{4848C052-904A-41E8-AC9F-1DD1E7BEC8E1}.Debug|Win32.Build.0 = Debug|Win32
		{4848C052-904A-41E8-AC9F-1DD1E7BEC8E1}.Release|Win32.ActiveCfg = Release|Win32
		{4848C052-904A-41E8-AC9F-1DD1E7BEC8E1}.Release|Win32.Build.0 = Release|Win32
		{030BF95B-7E08-45E4-B8BA-141A8AAC8FDA}.Debug|Win32.ActiveCfg = Debug|Win32
		{030BF95B-7E08-45E4-B8BA-141A8AAC8FDA}.Debug|Win32.Build.0 = Debug|Win32
		{030BF95B-7E08-45E4-B8BA-141A8AAC8FDA}.Release|Win32.ActiveCfg = Release|Win32
		{030BF95B-7E08-45E4-B8BA-141A8AAC8FDA}.Release|Win32.Build.0 = Release|Win32
		{E9067D41-CFB5-4E00-8FE7-CE8623DC710A}.Debug|Win32.ActiveCfg = Debug|Win32
		{E9067D41-CFB5-4E00-8FE7-CE8623DC710A}.Debug|Win32.Build.0 = Debug|Win32
		{E9067D41-CFB5-4E00-8FE7-CE8623DC710A}.Release|Win32.ActiveCfg = Release|Win32
		{E9067D41-CFB5-4E00-8FE7-CE8623DC710A}.Release|Win32.Build.0 = Release|Win32
		{6FB053D1-F605-4F66-A851-68C7A213E090}.Debug|Win32.ActiveCfg = Debug|Win32
		{6FB053D1-F605-4F66-A851-68C7A213E090}.Debug|Win32.Build.0 = Debug|Win32
		{6FB053D1-F605-4F66-A851-68C7A213E090}.Release|Win32.ActiveCfg = Release|Win32
		{6FB053D1-F605-4F66-A851-68C7A213E090}.Release|Win32.Build.0 = Release|Win32
		{0DFF2787-75C7-4E84-BAFA-3AD9C7AA18CD}.Debug|Win32.ActiveCfg = Debug|Win32
		{0DFF2787-75C7-4E84-BAFA-3AD9C7AA18CD}.Debug|Win32.Build.0 = Debug|Win32
		{0DFF2787-75C7-4E84-BAFA-3AD9C7AA18CD}.Release|Win32.ActiveCfg = Release|Win32
		{0DFF2787-75C7-4E84-BAFA-3AD9C7AA18CD}.Release|Win32.Build.0 = Release|Win32
		{E7B3F264-AC04-4C6F-8C50-1AFFDA4258D7}.Debug|Win32.ActiveCfg = Debug|Win32
		{E7B3F264-AC04-4C6F-8C50-1AFFDA4258D7}.Debug|Win32.Build.0 = Debug|Win32
		{E7B3F264-AC04-4C6F-8C50-1AFFDA4258D7}.Release|Win32.ActiveCfg = Release|Win32
		{E7B3F264-AC04-4C6F-8C50-1AFFDA4258D7}.Release|Win32.Build.0 = Release|Win32
		{11DB3FEB-9399-486C-859D-BA00172F7C9C}.Debug|Win32.ActiveCfg = Debug|Win32
		{11DB3FEB-9399-486C-859D-BA00172F7C9C}.Debug|Win32.Build.0 = Debug|Win32
		{11DB3FEB-9399-486C-859D-BA00172F7C9C}.Release|Win32.ActiveCfg = Release|Win32
		{11DB3FEB-9399-486C-859D-BA00172F7C9C}.Release|Win32.Build.0 = Release|Win32
		{F327210B-51C2-42EE-8925-95349684862E}.Debug|Win32.ActiveCfg = Debug|Win32
		{F327210B-51C2-42EE-8925-95349684862E}.Debug|Win32.Build.0 = Debug|Win32
		{F327210B-51C2-42EE-8925-95349684862E}.Release|Win32.ActiveCfg = Release|Win32
		{F327210B-51C2-42EE-8925-95349684862E}.Release|Win32.Build.0 = Release|Win32
		{ECD55D41-0060-49D9-8D98-163CF1235760}.Debug|Win32.ActiveCfg = Debug|Win32
		{ECD55D41-0060-49D9-8D98-163CF1235760}.Debug|Win32.Build.0 = Debug|Win32
		{ECD55D41-0060-49D9-8D98-163CF1235760}.Release|Win32.ActiveCfg = Release|Win32
		{ECD55D41-0060-49D9-8D98-163CF1235760}.Release|Win32.Build.0 = Release|Win32
		{8ED18AD9-EC10-4BC6-BCC8-CA60F660B8A4}.Debug|Win32.ActiveCfg = Debug|Win32
		{8ED18AD9-EC10-4BC6-BCC8-CA60F660B8A4}.Debug|Win32.Build.0 = Debug|Win32
		{8ED18AD9-EC10-4BC6-BCC8-CA60F660B8A4}.Release|Win32.ActiveCfg = Release|Win32
		{8ED18AD9-EC10-4BC6-BCC8-CA60F660B8A4}.Release|Win32.Build.0 = Release|Win32
		{976F2B67-6D67-4FB4-A586-7F7C5DE4118D}.Debug|Win32.ActiveCfg = Debug|Win32
		{976F2B67-6D67-4FB4-A586-7F7C5DE4118D}.Debug|Win32.Build.0 = Debug|Win32
		{976F2B67-6D67-4FB4-A586-7F7C5DE4118D}.Release|Win32.ActiveCfg = Release|Win32
		{976F2B67-6D67-4FB4-A586-7F7C5DE4118D}.Release|Win32.Build.0 = Release|Win32
		{5CD009EF-8D56-4F0D-B07C-9C0A6C81BB35}.Debug|Win32.ActiveCfg = Debug|Win32
		{5CD009EF-8D56-4F0D-B07C-9C0A6C81BB35}.Debug|Win32.Build.0 = Debug|Win32
		{5CD009EF-8D56-4F0D-B07C-9C0A6C81BB35}.Release|Win32.ActiveCfg = Release|Win32
		{5CD009EF-8D56-4F0D-B07C-9C0A6C81BB35}.Release|Win32.Build.0 = Release|Win32
		{D70F7A99-EF49-4342-9C84-45480C5456FC}.Debug|Win32.ActiveCfg = Debug|Win32
		{D70F7A99-EF49-4342-9C84-45480C5456FC}.Debug|Win32.Build.0 = Debug|Win32
		{D70F7A99-EF49-4342-9C84-45480C5456FC}.Release|Win32.ActiveCfg = Release|Win32
		{D70F7A99-EF49-4342-9C84-45480C5456FC}.Release|Win32.Build.0 = Release|Win32
		{395929DE-34D3-4FB4-8380-152D82E225C4}.Debug|Win32.ActiveCfg = Debug|Win32
		{395929DE-34D3-4FB4-8380-152D82E225C4}.Debug|Win32.Build.0 = Debug|Win32
		{395929DE-34D3-4FB4-8380-152D82E225C4}.Release|Win32.ActiveCfg = Release|Win32
		{395929DE-34D3-4FB4-8380-152D82E225C4}.Release|Win32.Build.0 = Release|Win32
		{13FDEEDC-5E87-4D72-AD98-F5906AE0056E}.Debug|Win32.ActiveCfg = Debug|Win32
		{13FDEEDC-5E87-4D72-AD98-F5906AE0056E}.Debug|Win32.Build.0 = Debug|Win32
		{13FDEEDC-5E87-4D72-AD98-F5906AE0056E}.Release|Win32.ActiveCfg = Release|Win32
		{13FDEEDC-5E87-4D72-AD98-F5906AE0056E}.Release|Win32.Build.0 = Release|Win32
		{9EE7386E-676A-420B-B9C5-A3172B3FA7E7}.Debug|Win32.ActiveCfg = Debug|Win32
		{9EE7386E-676A-420B-B9C5-A3172B3FA7E7}.Debug|Win32.Build.0 = Debug|Win32
		{9EE7386E-676A-420B-B9C5-A3172B3FA7E7}.Release|Win32.ActiveCfg = Release|Win32
		{9EE7386E-676A-420B-B9C5-A3172B3FA7E7}.Release|Win32.Build.0 = Release|Win32
		{4EF1D046-6007-4CC7-AE5D-051B23373456}.Debug|Win32.ActiveCfg = Debug|Win32
		{4EF1D046-6007-4CC7-AE5D-051B23373456}.Debug|Win32.Build.0 = Debug|Win32
		{4EF1D046-6007-4CC7-AE5D-051B23373456}.Release|Win32.ActiveCfg = Release|Win32
		{4EF1D046-6007-4CC7-AE5D-051B23373456}.Release|Win32.Build.0 = Release|Win32
		{AB5FEF84-5C63-4A68-9EF5-12ADFA3D5B07}.Debug|Win32.ActiveCfg = Debug|Win32
		{AB5FEF84-5C63-4A68-9EF5-12ADFA3D5B07}.Debug|Win32.Build.0 = Debug|Win32
		{AB5FEF84-5C63-4A68-9EF5-12ADFA3D5B07}.Release|Win32.ActiveCfg = Release|Win32
		{AB5FEF84-5C63-4A68-9EF5-12ADFA3D5B07}.Release|Win32.Build.0 = Release|Win32
		{B642A32D-076B-46BF-BEAF-8E102F7FB5C3}.Debug|Win32.ActiveCfg = Debug|Win32
		{B642A32D-076B-46BF-BEAF-8E102F7FB5C3}.Debug|Win32.Build.0 = Debug|Win32
		{B642A32D-076B-46BF-BEAF-8E102F7FB5C3}.Release|Win32.ActiveCfg = Release|Win32
		{B642A32D-076B-46BF-BEAF-8E102F7FB5C3}.Release|Win32.Build.0 = Release|Win32
		{5E930533-D0FE-48B5-B977-6E83BBA26955}.Debug|Win32.ActiveCfg = Debug|Win32
		{5E930533-D0FE-48B5-B977-6E83BBA26955}.Debug|Win32.Build.0 = Debug|Win32
		{5E930533-D0FE-48B5-B977-6E83BBA26955}.Release|Win32.ActiveCfg = Release|Win32
		{5E930533-D0FE-48B5-B977-6E83BBA26955}.Release|Win32.Build.0 = Release|Win32
		{71150A72-E3BB-4AC1-B03D-A3D06A65CCFC}.Debug|Win32.ActiveCfg = Debug|Win32
		{71150A72-E3BB-4AC1-B03D-A3D06A65CCFC}.Debug|Win32.Build.0 = Debug|Win32
		{71150A72-E3BB-4AC1-B03D-A3D06A65CCFC}.Release|Win32.ActiveCfg = Release|Win32
		{71150A72-E3BB-4AC1-B03D-A3D06A65CCFC}.Release|Win32.Build.0 = Release|Win32
		{68E79D5E-2F34-4E96-82EC-7898F05108F1}.Debug|Win32.ActiveCfg = Debug|Win32
		{68E79D5E-2F34-4E96-82EC-7898F05108F1}.Debug|Win32.Build.0 = Debug|Win32
		{68E79D5E-2F34-4E96-82EC-7898F05108F1}.Release|Win32.ActiveCfg = Release|Win32
		{68E79D5E-2F34-4E96-82EC-7898F05108F1}.Release|Win32.Build.0 = Release|Win32
		{AD5C5A7B-68DD-4D79-8CF7-7376DACC1612}.Debug|Win32.ActiveCfg = Debug|Win32
		{AD5C5A7B-68DD-4D79-8CF7-7376DACC1612}.Debug|Win32.Build.0 = Debug|Win32
		{AD5C5A7B-68DD-4D79-8CF7-7376DACC1612}.Release|Win32.ActiveCfg = Release|Win32
		{AD5C5A7B-68DD-4D79-8CF7-7376DACC1612}.Release|Win32.Build.0 = Release|Win32
		{D55293D5-304C-4B3A-B89E-BBE084526098}.Debug|Win32.ActiveCfg = Debug|Win32
		{D55293D5-304C-4B3A-B89E-BBE084526098}.Debug|Win32.Build.0 = Debug|Win32
		{D55293D5-304C-4B3A-B89E-BBE084526098}.Release|Win32.ActiveCfg = Release|Win32
		{D55293D5-304C-4B3A-B89E-BBE084526098}.Release|Win32.Build.0 = Release|Win32
		{580AA85F-88FA-4E11-B570-447DCE3F540E}.Debug|Win32.ActiveCfg = Debug|Win32
		{580AA85F-88FA-4E11-B570-447DCE3F540E}.Debug|Win32.Build.0 = Debug|Win32
		{580AA85F-88FA-4E11-B570-447DCE3F540E}.Release|Win32.ActiveCfg = Release|Win32
		{580AA85F-88FA-4E11-B570-447DCE3F540E}.Release|Win32.Build.0 = Release|Win32
		{3F103D18-E7F9-4881-81FF-1C3869A55FBD}.Debug|Win32.ActiveCfg = Debug|Win32
		{3F103D18-E7F9-4881-81FF-1C3869A55FBD}.Debug|Win32.Build.0 = Debug|Win32
		{3F103D18-E7F9-4881-81FF-1C3869A55FBD}.Release|Win32.ActiveCfg = Release|Win32
		{3F103D18-E7F9-4881-81FF-1C3869A55FBD}.Release|Win32.Build.0 = Release|Win32
		{380A9FE7-0D82-42A0-88E4-E0B35ECFC47B}.Debug|Win32.ActiveCfg = Debug|Win32
		{380A9FE7-0D82-42A0-88E4-E0B35ECFC47B}.Debug|Win32.Build.0 = Debug|Win32
		{380A9FE7-0D82-42A0-88E4-E0B35ECFC47B}.Release|Win32.ActiveCfg = Release|Win32
		{380A9FE7-0D82-42A0-88E4-E0B35ECFC47B}.Release|Win32.Build.0 = Release|Win32
		{CD28CF79-7586-4EAF-AB96-5D87062DB6A5}.Debug|Win32.ActiveCfg = Debug|Win32
		{CD28CF79-7586-4EAF-AB96-5D87062DB6A5}.Debug|Win32.Build.0 = Debug|Win32
		{CD28CF79-7586-4EAF-AB96-5D87062DB6A5}.Release|Win32.ActiveCfg = Release|Win32
		{CD28CF79-7586-4EAF-AB96-5D87062DB6A5}.Release|Win32.Build.0 = Release|Win32
		{8D164891-9EE6-493A-8EC1-C035626BDE2E}.Debug|Win32.ActiveCfg = Debug|Win32
		{8D164891-9EE6-493A-8EC1-C035626BDE2E}.Debug|Win32.Build.0 = Debug|Win32
		{8D164891-9EE6-493A-8EC1-C035626BDE2E}.Release|Win32.ActiveCfg = Release|Win32
		{8D164891-9EE6-493A-8EC1-C035626BDE2E}.Release|Win32.Build.0 = Release|Win32
		{6E0042A4-E55C-49AC-89F0-C4E52C60DA57}.Debug|Win32.ActiveCfg = Debug|Win32
		{6E0042A4-E55C-49AC-89F0-C4E52C60DA57}.Debug|Win32.Build.0 = Debug|Win32
		{6E0042A4-E55C-49AC-89F0-C4E52C60DA57}.Release|Win32.ActiveCfg = Release|Win32
		{6E0042A4-E55C-49AC-89F0-C4E52C60DA57}.Release|Win32.Build.0 = Release|Win32
		{4F3D48EE-32B8-4ADC-882E-37EDEC161BC0}.Debug|Win32.ActiveCfg = Debug|Win32
		{4F3D48EE-32B8-4ADC-882E-37EDEC161BC0}.Debug|Win32.Build.0 = Debug|Win32
		{4F3D48EE-32B8-4ADC-882E-37EDEC161BC0}.Release|Win32.ActiveCfg = Release|Win32
		{4F3D48EE-32B8-4ADC-882E-37EDEC161BC0}.Release|Win32.Build.0 = Release|Win32
		{C3A7EC49-B734-468B-B28A-4574F0E9BB18}.Debug|Win32.ActiveCfg = Debug|Win32
		{C3A7EC49-B734-468B-B28A-4574F0E9BB18}.Debug|Win32.Build.0 = Debug|Win32
		{C3A7EC49-B734-468B-B28A-4574F0E9BB18}.Release|Win32.ActiveCfg = Release|Win32
		{C3A7EC49-B734-468B-B28A-4574F0E9BB18}.Release|Win32.Build.0 = Release|Win32
		{D6ABD15A-5A80-45AB-8A0E-378908E9D6B3}.Debug|Win32.ActiveCfg = Debug|Win32
		{D6ABD15A-5A80-45AB-8A0E-378908E9D6B3}.Debug|Win32.Build.0 = Debug|Win32
		{D6ABD15A-5A80-45AB-8A0E-378908E9D6B3}.Release|Win32.ActiveCfg = Release|Win32
		{D6ABD15A-5A80-45AB-8A0E-378908E9D6B3}.Release|Win32.Build.0 = Release|Win32
		{86185788-CA46-4CF4-A01E-3DABEBC2260F}.Debug|Win32.ActiveCfg = Debug|Win32
		{86185788-CA46-4CF4-A01E-3DABEBC2260F}.Debug|Win32.Build.0 = Debug|Win32
		{86185788-CA46-4CF4-A01E-3DABEBC2260F}.Release|Win32.ActiveCfg = Release|Win32
		{86185788-CA46-4CF4-A01E-3DABEBC2260F}.Release|Win32.Build.0 = Release|Win32
		{7584D17F-FDCF-4FB7-A244-E970CC62EF33}.Debug|Win32.ActiveCfg = Debug|Win32
		{7584D17F-FDCF-4FB7-A244-E970CC62EF33}.Debug|Win32.Build.0 = Debug|Win32
		{7584D17F-FDCF-4FB7-A244-E970CC62EF33}.Release|Win32.ActiveCfg = Release|Win32
		{7584D17F-FDCF-4FB7-A244-E970CC62EF33}.Release|Win32.Build.0 = Release|Win32
		{4B8EFEFC-BEA4-49CA-A226-4AC72C0FEE86}.Debug|Win32.ActiveCfg = Debug|Win32
		{4B8EFEFC-BEA4-49CA-A226-4AC72C0FEE86}.Debug|Win32.Build.0 = Debug|Win32
		{4B8EFEFC-BEA4-49CA-A226-4AC72C0FEE86}.Release|Win32.ActiveCfg = Release|Win32
		{4B8EFEFC-BEA4-49CA-A226-4AC72C0FEE86}.Release|Win32.Build.0 = Release|Win32
		{E3701B24-E120-4025-8948-41779D75BD57}.Debug|Win32.ActiveCfg = Debug|Win32
		{E3701B24-E120-4025-8948-41779D75BD57}.Debug|Win32.Build.0 = Debug|Win32
		{E3701B24-E120-4025-8948-41779D75BD57}.Release|Win32.ActiveCfg = Release|Win32
		{E3701B24-E120-4025-8948-41779D75BD57}.Release|Win32.Build.0 = Release|Win32
		{52AC29D4-6C62-40F3-9B95-A0C9FD20E52A}.Debug|Win32.ActiveCfg = Debug|Win32
		{52AC29D4-6C62-40F3-9B95-A0C9FD20E52A}.Debug|Win32.Build.0 = Debug|Win32
		{52AC29D4-6C62-40F3-9B95-A0C9FD20E52A}.Release|Win32.ActiveCfg = Release|Win32
		{52AC29D4-6C62-40F3-9B95-A0C9FD20E52A}.Release|Win32.Build.0 = Release|Win32
		{8CDBFB9B-66ED-4A6C-871A-AD8B535F78F1}.Debug|Win32.ActiveCfg = Debug|Win32
		{8CDBFB9B-66ED-4A6C-871A-AD8B535F78F1}.Debug|Win32.Build.0 = Debug|Win32
		{8CDBFB9B-66ED-4A6C-871A-AD8B535F78F1}.Release|Win32.ActiveCfg = Release|Win32
		{8CDBFB9B-66ED-4A6C-871A-AD8B535F78F1}.Release|Win32.Build.0 = Release|Win32
		{4D9950BC-AB86-425B-A6EE-5D6EFC9AB851}.Debug|Win32.ActiveCfg = Debug|Win32
		{4D9950BC-AB86-425B-A6EE-5D6EFC9AB851}.Debug|Win32.Build.0 = Debug|Win32
		{4D9950BC-AB86-425B-A6EE-5D6EFC9AB851}.Release|Win32.ActiveCfg = Release|Win32
		{4D9950BC-AB86-425B-A6EE-5D6EFC9AB851}.Release|Win32.Build.0 = Release|Win32
		{8DB47593-D7D9-4BAC-8476-6A92DE673B53}.Debug|Win32.ActiveCfg = Debug|Win32
		{8DB47593-D7D9-4BAC-8476-6A92DE673B53}.Debug|Win32.Build.0 = Debug|Win32
		{8DB47593-D7D9-4BAC-8476-6A92DE673B53}.Release|Win32.ActiveCfg = Release|Win32
		{8DB47593-D7D9-4BAC-8476-6A92DE673B53}.Release|Win32.Build.0 = Release|Win32
		{721668D2-1533-4BE6-91AC-9B81DD9CBBFE}.Debug|Win32.ActiveCfg = Debug|Win32
		{721668D2-1533-4BE6-91AC-9B81DD9CBBFE}.Debug|Win32.Build.0 = Debug|Win32
		{721668D2-1533-4BE6-91AC-9B81DD9CBBFE}.Release|Win32.ActiveCfg = Release|Win32
		{721668D2-1533-4BE6-91AC-9B81DD9CBBFE}.Release|Win32.Build.0 = Release|Win32
		{42E415E1-DF66-4954-A27F-16C36108DA04}.Debug|Win32.ActiveCfg = Debug|Win32
		{42E415E1-DF66-4954-A27F-16C36108DA04}.Debug|Win32.Build.0 = Debug|Win32
		{42E415E1-DF66-4954-A27F-16C36108DA04}.Release|Win32.ActiveCfg = Release|Win32
		{42E415E1-DF66-4954-A27F-16C36108DA04}.Release|Win32.Build.0 = Release|Win32
		{2E787AA8-6CC2-401A-AF68-9C0FD3FB621F}.Debug|Win32.ActiveCfg = Debug|Win32
		{2E787AA8-6CC2-401A-AF68-9C0FD3FB621F}.Debug|Win32.Build.0 = Debug|Win32
		{2E787AA8-6CC2-401A-AF68-9C0FD3FB621F}.Release|Win32.ActiveCfg = Release|Win32
		{2E787AA8-6CC2-401A-AF68-9C0FD3FB621F}.Release|Win32.Build.0 = Release|Win32
		{0D746F1A-7D0D-411A-9D34-D6E5217F6847}.Debug|Win32.ActiveCfg = Debug|Win32
		{0D746F1A-7D0D-411A-9D34-D6E5217F6847}.Debug|Win32.Build.0 = Debug|Win32
		{0D746F1A-7D0D-411A-9D34-D6E5217F6847}.Release|Win32.ActiveCfg = Release|Win32
		{0D746F1A-7D0D-411A-9D34-D6E5217F6847}.Release|Win32.Build.0 = Release|Win32
		{D208203E-E9C8-4D0B-83D9-C54BFEFFCDF0}.Debug|Win32.ActiveCfg = Debug|Win32
		{D208203E-E9C8-4D0B-83D9-C54BFEFFCDF0}.Debug|Win32.Build.0 = Debug|Win32
		{D208203E-E9C8-4D0B-83D9-C54BFEFFCDF0}.Release|Win32.ActiveCfg = Release|Win32
		{D208203E-E9C8-4D0B-83D9-C54BFEFFCDF0}.Release|Win32.Build.0 = Release|Win32
		{B2351978-5C3E-46C8-AA48-6D33568C8820}.Debug|Win32.ActiveCfg = Debug|Win32
		{B2351978-5C3E-46C8-AA48-6D33568C8820}.Debug|Win32.Build.0 = Debug|Win32
		{B2351978-5C3E-46C8-AA48-6D33568C8820}.Release|Win32.ActiveCfg = Release|Win32
		{B2351978-5C3E-46C8-AA48-6D33568C8820}.Release|Win32.Build.0 = Release|Win32
		{808142F0-D407-4720-A7E6-C57A6DC6B5D1}.Debug|Win32.ActiveCfg = Debug|Win32
		{808142F0-D407-4720-A7E6-C57A6DC6B5D1}.Debug|Win32.Build.0 = Debug|Win32
		{808142F0-D407-4720-A7E6-C57A6DC6B5D1}.Release|Win32.ActiveCfg = Release|Win32
		{808142F0-D407-4720-A7E6-C57A6DC6B5D1}.Release|Win32.Build.0 = Release|Win32
		{59EEB944-B60B-4EB3-82A0-7A36DF7DF28B}.Debug|Win32.ActiveCfg = Debug|Win32
		{59EEB944-B60B-4EB3-82A0-7A36DF7DF28B}.Debug|Win32.Build.0 = Debug|Win32
		{59EEB944-B60B-4EB3-82A0-7A36DF7DF28B}.Release|Win32.ActiveCfg = Release|Win32
		{59EEB944-B60B-4EB3-82A0-7A36DF7DF28B}.Release|Win32.Build.0 = Release|Win32
		{C26F6A03-5864-42ED-A3F3-8B8B63F26085}.Debug|Win32.ActiveCfg = Debug|Win32
		{C26F6A03-5864-42ED-A3F3-8B8B63F26085}.Debug|Win32.Build.0 = Debug|Win32
		{C26F6A03-5864-42ED-A3F3-8B8B63F26085}.Release|Win32.ActiveCfg = Release|Win32
		{C26F6A03-5864-42ED-A3F3-8B8B63F26085}.Release|Win32.Build.0 = Release|Win32
		{2D160DEA-D2D0-4684-B70C-BF273504123C}.Debug|Win32.ActiveCfg = Debug|Win32
		{2D160DEA-D2D0-4684-B70C-BF273504123C}.Debug|Win32.Build.0 = Debug|Win32
		{2D160DEA-D2D0-4684-B70C-BF273504123C}.Release|Win32.ActiveCfg = Release|Win32
		{2D160DEA-D2D0-4684-B70C-BF273504123C}.Release|Win32.Build.0 = Release|Win32
		{E521C6A1-2F6E-4440-B8AF-D49DC6086797}.Debug|Win32.ActiveCfg = Debug|Win32
		{E521C6A1-2F6E-4440-B8AF-D49DC6086797}.Debug|Win32.Build.0 = Debug|Win32
		{E521C6A1-2F6E-4440-B8AF-D49DC6086797}.Release|Win32.ActiveCfg = Release|Win32
		{E521C6A1-2F6E-4440-B8AF-D49DC6086797}.Release|Win32.Build.0 = Release|Win32
		{36525939-6F86-4B86-B1C1-003F4F762963}.Debug|Win32.ActiveCfg = Debug|Win32
		{36525939-6F86-4B86-B1C1-003F4F762963}.Debug|Win32.Build.0 = Debug|Win32
		{36525939-6F86-4B86-B1C1-003F4F762963}.Release|Win32.ActiveCfg = Release|Win32
		{36525939-6F86-4B86-B1C1-003F4F762963}.Release|Win32.Build.0 = Release|Win32
		{A6FCE77F-A3CC-437F-B8C9-718A3BCEBF02}.Debug|Win32.ActiveCfg = Debug|Win32
		{A6FCE77F-A3CC-437F-B8C9-718A3BCEBF02}.Debug|Win32.Build.0 = Debug|Win32
		{A6FCE77F-A3CC-437F-B8C9-718A3BCEBF02}.Release|Win32.ActiveCfg = Release|Win32
		{A6FCE77F-A3CC-437F-B8C9-718A3BCEBF02}.Release|Win32.Build.0 = Release|Win32
		{6C0773A5-C324-49DF-AB98-68AE9AC47BDC}.Debug|Win32.ActiveCfg = Debug|Win32
		{6C0773A5-C324-49DF-AB98-68AE9AC47BDC}.Debug|Win32.Build.0 = Debug|Win32
		{6C0773A5-C324-49DF-AB98-68AE9AC47BDC}.Release|Win32.ActiveCfg = Release|Win32
		{6C0773A5-C324-49DF-AB98-68AE9AC47BDC}.Release|Win32.Build.0 = Release|Win32
		{668CF7AB-A277-4EC9-BCC2-D4D461F4A4DE}.Debug|Win32.ActiveCfg = Debug|Win32
		{668CF7AB-A277-4EC9-BCC2-D4D461F4A4DE}.Debug|Win32.Build.0 = Debug|Win32
		{668CF7AB-A277-4EC9-BCC2-D4D461F4A4DE}.Release|Win32.ActiveCfg = Release|Win32
		{668CF7AB-A277-4EC9-BCC2-D4D461F4A4DE}.Release|Win32.Build.0 = Release|Win32
		{880CFA04-F45C-49E1-B545-B0C060C9BC6B}.Debug|Win32.ActiveCfg = Debug|Win32
		{880CFA04-F45C-49E1-B545-B0C060C9BC6B}.Debug|Win32.Build.0 = Debug|Win32
		{880CFA04-F45C-49E1-B545-B0C060C9BC6B}.Release|Win32.ActiveCfg = Release|Win32
		{880CFA04-F45C-49E1-B545-B0C060C9BC6B}.Release|Win32.Build.0 = Release|Win32
		{38408279-BC90-432A-8387-ED05F568AF3D}.Debug|Win32.ActiveCfg = Debug|Win32
		{38408279-BC90-432A-8387-ED05F568AF3D}.Debug|Win32.Build.0 = Debug|Win32
		{38408279-BC90-432A-8387-ED05F568AF3D}.Release|Win32.ActiveCfg = Release|Win32
		{38408279-BC90-432A-8387-ED05F568AF3D}.Release|Win32.Build.0 = Release|Win32
		{B8DF1C5E-4DFD-47E0-80A9-D80941E77DC5}.Debug|Win32.ActiveCfg = Debug|Win32
		{B8DF1C5E-4DFD-47E0-80A9-D80941E77DC5}.Debug|Win32.Build.0 = Debug|Win32
		{B8DF1C5E-4DFD-47E0-80A9-D80941E77DC5}.Release|Win32.ActiveCfg = Release|Win32
		{B8DF1C5E-4DFD-47E0-80A9-D80941E77DC5}.Release|Win32.Build.0 = Release|Win32
		{F08B313C-2C18-43A2-BA1E-B52A57FFE490}.Debug|Win32.ActiveCfg = Debug|Win32
		{F08B313C-2C18-43A2-BA1E-B52A57FFE490}.Debug|Win32.Build.0 = Debug|Win32
		{F08B313C-2C18-43A2-BA1E-B52A57FFE490}.Release|Win32.ActiveCfg = Release|Win32
		{F08B313C-2C18-43A2-BA1E-B52A57FFE490}.Release|Win32.Build.0 = Release|Win32
	EndGlobalSection
	GlobalSection(SolutionProperties) = preSolution
		HideSolutionNode = FALSE
	EndGlobalSection
EndGlobal
